
Microsoft Visual Studio Solution File, Format Version 12.00
# Visual Studio Version 16
VisualStudioVersion = 16.0.30225.117
MinimumVisualStudioVersion = 10.0.40219.1
Project("{FAE04EC0-301F-11D3-BF4B-00C04F79EFBC}") = "AzRedisCacheApp", "AzRedisCacheApp.csproj", "{60B28AE7-30E3-47EB-8F98-F7EF95CFD4E1}"
EndProject
Global
	GlobalSection(SolutionConfigurationPlatforms) = preSolution
		Debug|Any CPU = Debug|Any CPU
		Release|Any CPU = Release|Any CPU
	EndGlobalSection
	GlobalSection(ProjectConfigurationPlatforms) = postSolution
		{60B28AE7-30E3-47EB-8F98-F7EF95CFD4E1}.Debug|Any CPU.ActiveCfg = Debug|Any CPU
		{60B28AE7-30E3-47EB-8F98-F7EF95CFD4E1}.Debug|Any CPU.Build.0 = Debug|Any CPU
		{60B28AE7-30E3-47EB-8F98-F7EF95CFD4E1}.Release|Any CPU.ActiveCfg = Release|Any CPU
		{60B28AE7-30E3-47EB-8F98-F7EF95CFD4E1}.Release|Any CPU.Build.0 = Release|Any CPU
	EndGlobalSection
	GlobalSection(SolutionProperties) = preSolution
		HideSolutionNode = FALSE
	EndGlobalSection
	GlobalSection(ExtensibilityGlobals) = postSolution
		SolutionGuid = {25CFDEF9-8922-4988-94B6-CD4215B89E3B}
	EndGlobalSection
EndGlobal
