
Microsoft Visual Studio Solution File, Format Version 12.00
# Visual Studio Version 16
VisualStudioVersion = 16.0.30225.117
MinimumVisualStudioVersion = 10.0.40219.1
Project("{FAE04EC0-301F-11D3-BF4B-00C04F79EFBC}") = "SsoMultiTenant", "SsoMultiTenant.csproj", "{D68BDF74-0FA5-4645-BC6C-C80C2104E25A}"
EndProject
Global
	GlobalSection(SolutionConfigurationPlatforms) = preSolution
		Debug|Any CPU = Debug|Any CPU
		Release|Any CPU = Release|Any CPU
	EndGlobalSection
	GlobalSection(ProjectConfigurationPlatforms) = postSolution
		{D68BDF74-0FA5-4645-BC6C-C80C2104E25A}.Debug|Any CPU.ActiveCfg = Debug|Any CPU
		{D68BDF74-0FA5-4645-BC6C-C80C2104E25A}.Debug|Any CPU.Build.0 = Debug|Any CPU
		{D68BDF74-0FA5-4645-BC6C-C80C2104E25A}.Release|Any CPU.ActiveCfg = Release|Any CPU
		{D68BDF74-0FA5-4645-BC6C-C80C2104E25A}.Release|Any CPU.Build.0 = Release|Any CPU
	EndGlobalSection
	GlobalSection(SolutionProperties) = preSolution
		HideSolutionNode = FALSE
	EndGlobalSection
	GlobalSection(ExtensibilityGlobals) = postSolution
		SolutionGuid = {86E053DB-7B0F-4797-82BB-4DC93ADA50F7}
	EndGlobalSection
EndGlobal
