
Microsoft Visual Studio Solution File, Format Version 12.00
# Visual Studio Version 16
VisualStudioVersion = 16.0.30225.117
MinimumVisualStudioVersion = 10.0.40219.1
Project("{FAE04EC0-301F-11D3-BF4B-00C04F79EFBC}") = "FunApp", "FunApp.csproj", "{E637AFEB-69AE-48C2-BFE4-CE086D060953}"
EndProject
Global
	GlobalSection(SolutionConfigurationPlatforms) = preSolution
		Debug|Any CPU = Debug|Any CPU
		Release|Any CPU = Release|Any CPU
	EndGlobalSection
	GlobalSection(ProjectConfigurationPlatforms) = postSolution
		{E637AFEB-69AE-48C2-BFE4-CE086D060953}.Debug|Any CPU.ActiveCfg = Debug|Any CPU
		{E637AFEB-69AE-48C2-BFE4-CE086D060953}.Debug|Any CPU.Build.0 = Debug|Any CPU
		{E637AFEB-69AE-48C2-BFE4-CE086D060953}.Release|Any CPU.ActiveCfg = Release|Any CPU
		{E637AFEB-69AE-48C2-BFE4-CE086D060953}.Release|Any CPU.Build.0 = Release|Any CPU
	EndGlobalSection
	GlobalSection(SolutionProperties) = preSolution
		HideSolutionNode = FALSE
	EndGlobalSection
	GlobalSection(ExtensibilityGlobals) = postSolution
		SolutionGuid = {822080C4-DB8D-478F-92F1-EB385E960DC6}
	EndGlobalSection
EndGlobal
