
Microsoft Visual Studio Solution File, Format Version 12.00
# Visual Studio Version 16
VisualStudioVersion = 16.0.30225.117
MinimumVisualStudioVersion = 10.0.40219.1
Project("{FAE04EC0-301F-11D3-BF4B-00C04F79EFBC}") = "CdnTestApp", "CdnTestApp.csproj", "{96F9A162-4391-4077-8F4A-0FA5BECE762C}"
EndProject
Global
	GlobalSection(SolutionConfigurationPlatforms) = preSolution
		Debug|Any CPU = Debug|Any CPU
		Release|Any CPU = Release|Any CPU
	EndGlobalSection
	GlobalSection(ProjectConfigurationPlatforms) = postSolution
		{96F9A162-4391-4077-8F4A-0FA5BECE762C}.Debug|Any CPU.ActiveCfg = Debug|Any CPU
		{96F9A162-4391-4077-8F4A-0FA5BECE762C}.Debug|Any CPU.Build.0 = Debug|Any CPU
		{96F9A162-4391-4077-8F4A-0FA5BECE762C}.Release|Any CPU.ActiveCfg = Release|Any CPU
		{96F9A162-4391-4077-8F4A-0FA5BECE762C}.Release|Any CPU.Build.0 = Release|Any CPU
	EndGlobalSection
	GlobalSection(SolutionProperties) = preSolution
		HideSolutionNode = FALSE
	EndGlobalSection
	GlobalSection(ExtensibilityGlobals) = postSolution
		SolutionGuid = {0F859B0C-1882-4660-A144-2FB11B4B243E}
	EndGlobalSection
EndGlobal
