
Microsoft Visual Studio Solution File, Format Version 12.00
# Visual Studio Version 16
VisualStudioVersion = 16.0.30225.117
MinimumVisualStudioVersion = 10.0.40219.1
Project("{FAE04EC0-301F-11D3-BF4B-00C04F79EFBC}") = "AppInSightTestApp", "AppInSightTestApp.csproj", "{F94A9C29-3064-4C91-8964-B0DC62EDDEFD}"
EndProject
Global
	GlobalSection(SolutionConfigurationPlatforms) = preSolution
		Debug|Any CPU = Debug|Any CPU
		Release|Any CPU = Release|Any CPU
	EndGlobalSection
	GlobalSection(ProjectConfigurationPlatforms) = postSolution
		{F94A9C29-3064-4C91-8964-B0DC62EDDEFD}.Debug|Any CPU.ActiveCfg = Debug|Any CPU
		{F94A9C29-3064-4C91-8964-B0DC62EDDEFD}.Debug|Any CPU.Build.0 = Debug|Any CPU
		{F94A9C29-3064-4C91-8964-B0DC62EDDEFD}.Release|Any CPU.ActiveCfg = Release|Any CPU
		{F94A9C29-3064-4C91-8964-B0DC62EDDEFD}.Release|Any CPU.Build.0 = Release|Any CPU
	EndGlobalSection
	GlobalSection(SolutionProperties) = preSolution
		HideSolutionNode = FALSE
	EndGlobalSection
	GlobalSection(ExtensibilityGlobals) = postSolution
		SolutionGuid = {689ADB6F-E340-4674-A627-DC9E1F11634C}
	EndGlobalSection
EndGlobal
